
Microsoft Visual Studio Solution File, Format Version 12.00
# Visual Studio Version 17
VisualStudioVersion = 17.0.32112.339
MinimumVisualStudioVersion = 10.0.40219.1
Project("{FAE04EC0-301F-11D3-BF4B-00C04F79EFBC}") = "pr1", "pr1.csproj", "{893CC01A-0999-433C-994A-0835F9837BBB}"
EndProject
Global
	GlobalSection(SolutionConfigurationPlatforms) = preSolution
		Debug|Any CPU = Debug|Any CPU
		Release|Any CPU = Release|Any CPU
	EndGlobalSection
	GlobalSection(ProjectConfigurationPlatforms) = postSolution
		{893CC01A-0999-433C-994A-0835F9837BBB}.Debug|Any CPU.ActiveCfg = Debug|Any CPU
		{893CC01A-0999-433C-994A-0835F9837BBB}.Debug|Any CPU.Build.0 = Debug|Any CPU
		{893CC01A-0999-433C-994A-0835F9837BBB}.Release|Any CPU.ActiveCfg = Release|Any CPU
		{893CC01A-0999-433C-994A-0835F9837BBB}.Release|Any CPU.Build.0 = Release|Any CPU
	EndGlobalSection
	GlobalSection(SolutionProperties) = preSolution
		HideSolutionNode = FALSE
	EndGlobalSection
	GlobalSection(ExtensibilityGlobals) = postSolution
		SolutionGuid = {C89DCDD0-828B-4035-A397-EC5838F3A431}
	EndGlobalSection
EndGlobal
